
Microsoft Visual Studio Solution File, Format Version 12.00
# Visual Studio Version 17
VisualStudioVersion = 17.6.33927.249
MinimumVisualStudioVersion = 10.0.40219.1
Project("{9A19103F-16F7-4668-BE54-9A1E7A4F7556}") = "Console", "Console\Console.csproj", "{88BD8F35-26DF-4CE9-8BE7-25973099CBAD}"
EndProject
Project("{FAE04EC0-301F-11D3-BF4B-00C04F79EFBC}") = "WebApi", "WebApi\WebApi.csproj", "{584B2DBC-D203-4A25-948D-C301625B95E7}"
EndProject
Global
	GlobalSection(SolutionConfigurationPlatforms) = preSolution
		Debug|Any CPU = Debug|Any CPU
		Release|Any CPU = Release|Any CPU
	EndGlobalSection
	GlobalSection(ProjectConfigurationPlatforms) = postSolution
		{88BD8F35-26DF-4CE9-8BE7-25973099CBAD}.Debug|Any CPU.ActiveCfg = Debug|Any CPU
		{88BD8F35-26DF-4CE9-8BE7-25973099CBAD}.Debug|Any CPU.Build.0 = Debug|Any CPU
		{88BD8F35-26DF-4CE9-8BE7-25973099CBAD}.Release|Any CPU.ActiveCfg = Release|Any CPU
		{88BD8F35-26DF-4CE9-8BE7-25973099CBAD}.Release|Any CPU.Build.0 = Release|Any CPU
		{584B2DBC-D203-4A25-948D-C301625B95E7}.Debug|Any CPU.ActiveCfg = Debug|Any CPU
		{584B2DBC-D203-4A25-948D-C301625B95E7}.Debug|Any CPU.Build.0 = Debug|Any CPU
		{584B2DBC-D203-4A25-948D-C301625B95E7}.Release|Any CPU.ActiveCfg = Release|Any CPU
		{584B2DBC-D203-4A25-948D-C301625B95E7}.Release|Any CPU.Build.0 = Release|Any CPU
	EndGlobalSection
	GlobalSection(SolutionProperties) = preSolution
		HideSolutionNode = FALSE
	EndGlobalSection
	GlobalSection(ExtensibilityGlobals) = postSolution
		SolutionGuid = {838CF0F9-0467-44BF-BE03-C9706E3C983C}
	EndGlobalSection
EndGlobal
